
Microsoft Visual Studio Solution File, Format Version 12.00
# Visual Studio Version 17
VisualStudioVersion = 17.14.36717.8 d17.14
MinimumVisualStudioVersion = 10.0.40219.1
Project("{FAE04EC0-301F-11D3-BF4B-00C04F79EFBC}") = "News", "News.csproj", "{09223AF2-7C33-4131-8214-AEF98DB492EC}"
EndProject
Global
	GlobalSection(SolutionConfigurationPlatforms) = preSolution
		Debug|Any CPU = Debug|Any CPU
		Release|Any CPU = Release|Any CPU
	EndGlobalSection
	GlobalSection(ProjectConfigurationPlatforms) = postSolution
		{09223AF2-7C33-4131-8214-AEF98DB492EC}.Debug|Any CPU.ActiveCfg = Debug|Any CPU
		{09223AF2-7C33-4131-8214-AEF98DB492EC}.Debug|Any CPU.Build.0 = Debug|Any CPU
		{09223AF2-7C33-4131-8214-AEF98DB492EC}.Release|Any CPU.ActiveCfg = Release|Any CPU
		{09223AF2-7C33-4131-8214-AEF98DB492EC}.Release|Any CPU.Build.0 = Release|Any CPU
	EndGlobalSection
	GlobalSection(SolutionProperties) = preSolution
		HideSolutionNode = FALSE
	EndGlobalSection
	GlobalSection(ExtensibilityGlobals) = postSolution
		SolutionGuid = {3D927AEB-C4D1-46C8-8441-D881088254EA}
	EndGlobalSection
EndGlobal
